
Microsoft Visual Studio Solution File, Format Version 12.00
Project("{FAE04EC0-301F-11D3-BF4B-00C04F79EFBC}") = "GameNS", "GameNS\GameNS.csproj", "{2AC7AE4B-86CD-4CB4-B7E2-D7D8BC0FA87A}"
EndProject
Project("{FAE04EC0-301F-11D3-BF4B-00C04F79EFBC}") = "TestNS", "TestNS\TestNS.csproj", "{53728FD1-A351-40F9-9095-D3B234B042FA}"
EndProject
Project("{FAE04EC0-301F-11D3-BF4B-00C04F79EFBC}") = "BaseNS", "BaseNS\BaseNS.csproj", "{A0DFDB45-FED6-484D-9865-4D3A143852D1}"
EndProject
Global
	GlobalSection(SolutionConfigurationPlatforms) = preSolution
		Debug|Any CPU = Debug|Any CPU
		Release|Any CPU = Release|Any CPU
	EndGlobalSection
	GlobalSection(ProjectConfigurationPlatforms) = postSolution
		{2AC7AE4B-86CD-4CB4-B7E2-D7D8BC0FA87A}.Debug|Any CPU.ActiveCfg = Debug|Any CPU
		{2AC7AE4B-86CD-4CB4-B7E2-D7D8BC0FA87A}.Debug|Any CPU.Build.0 = Debug|Any CPU
		{2AC7AE4B-86CD-4CB4-B7E2-D7D8BC0FA87A}.Release|Any CPU.ActiveCfg = Release|Any CPU
		{2AC7AE4B-86CD-4CB4-B7E2-D7D8BC0FA87A}.Release|Any CPU.Build.0 = Release|Any CPU
		{53728FD1-A351-40F9-9095-D3B234B042FA}.Debug|Any CPU.ActiveCfg = Debug|Any CPU
		{53728FD1-A351-40F9-9095-D3B234B042FA}.Debug|Any CPU.Build.0 = Debug|Any CPU
		{53728FD1-A351-40F9-9095-D3B234B042FA}.Release|Any CPU.ActiveCfg = Release|Any CPU
		{53728FD1-A351-40F9-9095-D3B234B042FA}.Release|Any CPU.Build.0 = Release|Any CPU
		{A0DFDB45-FED6-484D-9865-4D3A143852D1}.Debug|Any CPU.ActiveCfg = Debug|Any CPU
		{A0DFDB45-FED6-484D-9865-4D3A143852D1}.Debug|Any CPU.Build.0 = Debug|Any CPU
		{A0DFDB45-FED6-484D-9865-4D3A143852D1}.Release|Any CPU.ActiveCfg = Release|Any CPU
		{A0DFDB45-FED6-484D-9865-4D3A143852D1}.Release|Any CPU.Build.0 = Release|Any CPU
	EndGlobalSection
EndGlobal
